
Microsoft Visual Studio Solution File, Format Version 12.00
# Visual Studio Version 16
VisualStudioVersion = 16.0.30804.86
MinimumVisualStudioVersion = 10.0.40219.1
Project("{FAE04EC0-301F-11D3-BF4B-00C04F79EFBC}") = "mono-mm", "mono-mm\mono-mm.csproj", "{22679BB3-F853-47A9-83A7-109B3E78C585}"
EndProject
Project("{FAE04EC0-301F-11D3-BF4B-00C04F79EFBC}") = "ManicMinerModels", "ManicMinerModels\ManicMinerModels.csproj", "{9DC55F9D-C302-4D28-AE94-34DEC0745C6C}"
EndProject
Project("{FAE04EC0-301F-11D3-BF4B-00C04F79EFBC}") = "SK2D", "SK2D\SK2D.csproj", "{4CE4F72F-8BF6-41D9-BC39-EB04ECD53139}"
EndProject
Global
	GlobalSection(SolutionConfigurationPlatforms) = preSolution
		Debug|Any CPU = Debug|Any CPU
		Release|Any CPU = Release|Any CPU
	EndGlobalSection
	GlobalSection(ProjectConfigurationPlatforms) = postSolution
		{22679BB3-F853-47A9-83A7-109B3E78C585}.Debug|Any CPU.ActiveCfg = Debug|Any CPU
		{22679BB3-F853-47A9-83A7-109B3E78C585}.Debug|Any CPU.Build.0 = Debug|Any CPU
		{22679BB3-F853-47A9-83A7-109B3E78C585}.Release|Any CPU.ActiveCfg = Release|Any CPU
		{22679BB3-F853-47A9-83A7-109B3E78C585}.Release|Any CPU.Build.0 = Release|Any CPU
		{9DC55F9D-C302-4D28-AE94-34DEC0745C6C}.Debug|Any CPU.ActiveCfg = Debug|Any CPU
		{9DC55F9D-C302-4D28-AE94-34DEC0745C6C}.Debug|Any CPU.Build.0 = Debug|Any CPU
		{9DC55F9D-C302-4D28-AE94-34DEC0745C6C}.Release|Any CPU.ActiveCfg = Release|Any CPU
		{9DC55F9D-C302-4D28-AE94-34DEC0745C6C}.Release|Any CPU.Build.0 = Release|Any CPU
		{4CE4F72F-8BF6-41D9-BC39-EB04ECD53139}.Debug|Any CPU.ActiveCfg = Debug|Any CPU
		{4CE4F72F-8BF6-41D9-BC39-EB04ECD53139}.Debug|Any CPU.Build.0 = Debug|Any CPU
		{4CE4F72F-8BF6-41D9-BC39-EB04ECD53139}.Release|Any CPU.ActiveCfg = Release|Any CPU
		{4CE4F72F-8BF6-41D9-BC39-EB04ECD53139}.Release|Any CPU.Build.0 = Release|Any CPU
	EndGlobalSection
	GlobalSection(SolutionProperties) = preSolution
		HideSolutionNode = FALSE
	EndGlobalSection
	GlobalSection(ExtensibilityGlobals) = postSolution
		SolutionGuid = {4DE82BEA-F370-4D90-973C-92049A4AF14C}
	EndGlobalSection
EndGlobal
